
Microsoft Visual Studio Solution File, Format Version 12.00
# Visual Studio 15
Project("{FAE04EC0-301F-11D3-BF4B-00C04F79EFBC}") = "Assembly-CSharp", "Assembly-CSharp.csproj", "{AC571AE1-6935-7555-7162-8A68B8D2D9B7}"
EndProject
Project("{FAE04EC0-301F-11D3-BF4B-00C04F79EFBC}") = "UnityEngine.UI", "UnityEngine.UI.csproj", "{FD8AD3D5-5A5A-FE0F-7EDF-4D5DB646E450}"
EndProject
Project("{FAE04EC0-301F-11D3-BF4B-00C04F79EFBC}") = "UnityEditor.UI", "UnityEditor.UI.csproj", "{4E52851C-025F-2894-68FF-20E7BD734399}"
EndProject
Global
	GlobalSection(SolutionConfigurationPlatforms) = preSolution
		Debug|Any CPU = Debug|Any CPU
		Release|Any CPU = Release|Any CPU
	EndGlobalSection
	GlobalSection(ProjectConfigurationPlatforms) = postSolution
		{AC571AE1-6935-7555-7162-8A68B8D2D9B7}.Debug|Any CPU.ActiveCfg = Debug|Any CPU
		{AC571AE1-6935-7555-7162-8A68B8D2D9B7}.Debug|Any CPU.Build.0 = Debug|Any CPU
		{AC571AE1-6935-7555-7162-8A68B8D2D9B7}.Release|Any CPU.ActiveCfg = Release|Any CPU
		{AC571AE1-6935-7555-7162-8A68B8D2D9B7}.Release|Any CPU.Build.0 = Release|Any CPU
		{FD8AD3D5-5A5A-FE0F-7EDF-4D5DB646E450}.Debug|Any CPU.ActiveCfg = Debug|Any CPU
		{FD8AD3D5-5A5A-FE0F-7EDF-4D5DB646E450}.Debug|Any CPU.Build.0 = Debug|Any CPU
		{FD8AD3D5-5A5A-FE0F-7EDF-4D5DB646E450}.Release|Any CPU.ActiveCfg = Release|Any CPU
		{FD8AD3D5-5A5A-FE0F-7EDF-4D5DB646E450}.Release|Any CPU.Build.0 = Release|Any CPU
		{4E52851C-025F-2894-68FF-20E7BD734399}.Debug|Any CPU.ActiveCfg = Debug|Any CPU
		{4E52851C-025F-2894-68FF-20E7BD734399}.Debug|Any CPU.Build.0 = Debug|Any CPU
		{4E52851C-025F-2894-68FF-20E7BD734399}.Release|Any CPU.ActiveCfg = Release|Any CPU
		{4E52851C-025F-2894-68FF-20E7BD734399}.Release|Any CPU.Build.0 = Release|Any CPU
	EndGlobalSection
	GlobalSection(SolutionProperties) = preSolution
		HideSolutionNode = FALSE
	EndGlobalSection
EndGlobal
